
Microsoft Visual Studio Solution File, Format Version 12.00
# Visual Studio Version 17
VisualStudioVersion = 17.14.37710.0 d17.14
MinimumVisualStudioVersion = 10.0.40219.1
Project("{FAE04EC0-301F-11D3-BF4B-00C04F79EFBC}") = "MiniSistemaPortfolioInvestimentos", "MiniSistemaPortfolioInvestimentos.csproj", "{4AB7C07A-9B68-4FFD-8015-9B7870FF7C19}"
EndProject
Global
	GlobalSection(SolutionConfigurationPlatforms) = preSolution
		Debug|Any CPU = Debug|Any CPU
		Release|Any CPU = Release|Any CPU
	EndGlobalSection
	GlobalSection(ProjectConfigurationPlatforms) = postSolution
		{4AB7C07A-9B68-4FFD-8015-9B7870FF7C19}.Debug|Any CPU.ActiveCfg = Debug|Any CPU
		{4AB7C07A-9B68-4FFD-8015-9B7870FF7C19}.Debug|Any CPU.Build.0 = Debug|Any CPU
		{4AB7C07A-9B68-4FFD-8015-9B7870FF7C19}.Release|Any CPU.ActiveCfg = Release|Any CPU
		{4AB7C07A-9B68-4FFD-8015-9B7870FF7C19}.Release|Any CPU.Build.0 = Release|Any CPU
	EndGlobalSection
	GlobalSection(SolutionProperties) = preSolution
		HideSolutionNode = FALSE
	EndGlobalSection
	GlobalSection(ExtensibilityGlobals) = postSolution
		SolutionGuid = {CB2D836E-4C8C-4866-B38F-6BD5C79AA039}
	EndGlobalSection
EndGlobal
